
Microsoft Visual Studio Solution File, Format Version 12.00
# Visual Studio Version 17
VisualStudioVersion = 17.2.32519.379
MinimumVisualStudioVersion = 10.0.40219.1
Project("{FAE04EC0-301F-11D3-BF4B-00C04F79EFBC}") = "LearnLinq", "LearnLinq.csproj", "{A44C216D-B3F6-40AD-8FD7-C9775B5A811B}"
EndProject
Global
	GlobalSection(SolutionConfigurationPlatforms) = preSolution
		Debug|Any CPU = Debug|Any CPU
		Release|Any CPU = Release|Any CPU
	EndGlobalSection
	GlobalSection(ProjectConfigurationPlatforms) = postSolution
		{A44C216D-B3F6-40AD-8FD7-C9775B5A811B}.Debug|Any CPU.ActiveCfg = Debug|Any CPU
		{A44C216D-B3F6-40AD-8FD7-C9775B5A811B}.Debug|Any CPU.Build.0 = Debug|Any CPU
		{A44C216D-B3F6-40AD-8FD7-C9775B5A811B}.Release|Any CPU.ActiveCfg = Release|Any CPU
		{A44C216D-B3F6-40AD-8FD7-C9775B5A811B}.Release|Any CPU.Build.0 = Release|Any CPU
	EndGlobalSection
	GlobalSection(SolutionProperties) = preSolution
		HideSolutionNode = FALSE
	EndGlobalSection
	GlobalSection(ExtensibilityGlobals) = postSolution
		SolutionGuid = {0FE3568D-B1FD-4D73-B7F6-22C89A0A598D}
	EndGlobalSection
EndGlobal
